
Microsoft Visual Studio Solution File, Format Version 12.00
# Visual Studio Version 16
VisualStudioVersion = 16.0.29418.71
MinimumVisualStudioVersion = 10.0.40219.1
Project("{FAE04EC0-301F-11D3-BF4B-00C04F79EFBC}") = "KursProject", "KursProject\KursProject.csproj", "{6BBA5E6A-0ECB-48E8-BB5D-D6C778BFD6D3}"
EndProject
Global
	GlobalSection(SolutionConfigurationPlatforms) = preSolution
		Debug|Any CPU = Debug|Any CPU
		Release|Any CPU = Release|Any CPU
	EndGlobalSection
	GlobalSection(ProjectConfigurationPlatforms) = postSolution
		{6BBA5E6A-0ECB-48E8-BB5D-D6C778BFD6D3}.Debug|Any CPU.ActiveCfg = Debug|Any CPU
		{6BBA5E6A-0ECB-48E8-BB5D-D6C778BFD6D3}.Debug|Any CPU.Build.0 = Debug|Any CPU
		{6BBA5E6A-0ECB-48E8-BB5D-D6C778BFD6D3}.Release|Any CPU.ActiveCfg = Release|Any CPU
		{6BBA5E6A-0ECB-48E8-BB5D-D6C778BFD6D3}.Release|Any CPU.Build.0 = Release|Any CPU
	EndGlobalSection
	GlobalSection(SolutionProperties) = preSolution
		HideSolutionNode = FALSE
	EndGlobalSection
	GlobalSection(ExtensibilityGlobals) = postSolution
		SolutionGuid = {DFD3C2DD-4DC2-432A-AE73-1A601D62ABCD}
	EndGlobalSection
EndGlobal
